
Microsoft Visual Studio Solution File, Format Version 12.00
# Visual Studio Version 17
VisualStudioVersion = 17.8.34309.116
MinimumVisualStudioVersion = 10.0.40219.1
Project("{9A19103F-16F7-4668-BE54-9A1E7A4F7556}") = "labaOnit", "labaOnit\labaOnit.csproj", "{4EDA36AB-50F5-457F-A211-0795C2634C5A}"
EndProject
Global
	GlobalSection(SolutionConfigurationPlatforms) = preSolution
		Debug|Any CPU = Debug|Any CPU
		Release|Any CPU = Release|Any CPU
	EndGlobalSection
	GlobalSection(ProjectConfigurationPlatforms) = postSolution
		{4EDA36AB-50F5-457F-A211-0795C2634C5A}.Debug|Any CPU.ActiveCfg = Debug|Any CPU
		{4EDA36AB-50F5-457F-A211-0795C2634C5A}.Debug|Any CPU.Build.0 = Debug|Any CPU
		{4EDA36AB-50F5-457F-A211-0795C2634C5A}.Release|Any CPU.ActiveCfg = Release|Any CPU
		{4EDA36AB-50F5-457F-A211-0795C2634C5A}.Release|Any CPU.Build.0 = Release|Any CPU
	EndGlobalSection
	GlobalSection(SolutionProperties) = preSolution
		HideSolutionNode = FALSE
	EndGlobalSection
	GlobalSection(ExtensibilityGlobals) = postSolution
		SolutionGuid = {F9650AB3-153B-4307-A3A7-1DFF87943564}
	EndGlobalSection
EndGlobal
